<?xml version="1.0" encoding="utf-8"?>
<Project ToolsVersion="4.0" xmlns="http://schemas.microsoft.com/developer/msbuild/2003">
  <ItemGroup>
    <Filter Include="App">
      <UniqueIdentifier>{c35d4564-fb1e-4d88-b469-32111f0b9edb}</UniqueIdentifier>
    </Filter>
    <Filter Include="GameEngine">
      <UniqueIdentifier>{c40f956f-eb53-4d77-95ee-e68265242394}</UniqueIdentifier>
    </Filter>
    <Filter Include="GameEngine\WindowingSystem">
      <UniqueIdentifier>{d7dc9f0a-d61b-4f2e-8635-5add887d19b4}</UniqueIdentifier>
    </Filter>
    <Filter Include="GameEngine\WindowingSystem\GraphicsEngine">
      <UniqueIdentifier>{1e09ba64-2235-4fce-823b-40c4308d2452}</UniqueIdentifier>
    </Filter>
    <Filter Include="GameEngine\SwapChain">
      <UniqueIdentifier>{7b14af39-4d96-4c58-ab68-277407964929}</UniqueIdentifier>
    </Filter>
    <Filter Include="GameEngine\DeviceContext">
      <UniqueIdentifier>{62ac19b5-1b7c-4d62-9d49-aabe469e611c}</UniqueIdentifier>
    </Filter>
    <Filter Include="GameEngine\VertexBuffer">
      <UniqueIdentifier>{e2c58346-61fb-4d2c-acd7-d34352a3b11f}</UniqueIdentifier>
    </Filter>
  </ItemGroup>
  <ItemGroup>
    <ClCompile Include="main.cpp">
      <Filter>App</Filter>
    </ClCompile>
    <ClCompile Include="AppWindow.cpp">
      <Filter>App</Filter>
    </ClCompile>
    <ClCompile Include="Window.cpp">
      <Filter>GameEngine\WindowingSystem</Filter>
    </ClCompile>
    <ClCompile Include="GraphicsEngine.cpp">
      <Filter>GameEngine\WindowingSystem\GraphicsEngine</Filter>
    </ClCompile>
    <ClCompile Include="SwapChain.cpp">
      <Filter>GameEngine\SwapChain</Filter>
    </ClCompile>
    <ClCompile Include="DeviceContext.cpp">
      <Filter>GameEngine\DeviceContext</Filter>
    </ClCompile>
    <ClCompile Include="VertexBuffer.cpp">
      <Filter>GameEngine\VertexBuffer</Filter>
    </ClCompile>
  </ItemGroup>
  <ItemGroup>
    <ClInclude Include="AppWindow.h">
      <Filter>App</Filter>
    </ClInclude>
    <ClInclude Include="Window.h">
      <Filter>GameEngine\WindowingSystem</Filter>
    </ClInclude>
    <ClInclude Include="GraphicsEngine.h">
      <Filter>GameEngine\WindowingSystem\GraphicsEngine</Filter>
    </ClInclude>
    <ClInclude Include="SwapChain.h">
      <Filter>GameEngine\SwapChain</Filter>
    </ClInclude>
    <ClInclude Include="DeviceContext.h">
      <Filter>GameEngine\DeviceContext</Filter>
    </ClInclude>
    <ClInclude Include="VertexBuffer.h">
      <Filter>GameEngine\VertexBuffer</Filter>
    </ClInclude>
  </ItemGroup>
</Project>